
Microsoft Visual Studio Solution File, Format Version 12.00
# Visual Studio Version 17
VisualStudioVersion = 17.5.33414.496
MinimumVisualStudioVersion = 10.0.40219.1
Project("{FAE04EC0-301F-11D3-BF4B-00C04F79EFBC}") = "WpfApp1", "WpfApp1\WpfApp1.csproj", "{10B96D7F-7FE0-4E11-831F-AEDC5719C275}"
EndProject
Global
	GlobalSection(SolutionConfigurationPlatforms) = preSolution
		Debug|Any CPU = Debug|Any CPU
		Release|Any CPU = Release|Any CPU
	EndGlobalSection
	GlobalSection(ProjectConfigurationPlatforms) = postSolution
		{10B96D7F-7FE0-4E11-831F-AEDC5719C275}.Debug|Any CPU.ActiveCfg = Debug|Any CPU
		{10B96D7F-7FE0-4E11-831F-AEDC5719C275}.Debug|Any CPU.Build.0 = Debug|Any CPU
		{10B96D7F-7FE0-4E11-831F-AEDC5719C275}.Release|Any CPU.ActiveCfg = Release|Any CPU
		{10B96D7F-7FE0-4E11-831F-AEDC5719C275}.Release|Any CPU.Build.0 = Release|Any CPU
	EndGlobalSection
	GlobalSection(SolutionProperties) = preSolution
		HideSolutionNode = FALSE
	EndGlobalSection
	GlobalSection(ExtensibilityGlobals) = postSolution
		SolutionGuid = {74B33003-25DD-4047-8AD8-B713B1A8C87B}
	EndGlobalSection
EndGlobal
